
Microsoft Visual Studio Solution File, Format Version 12.00
# Visual Studio 2013
VisualStudioVersion = 12.0.30723.0
MinimumVisualStudioVersion = 10.0.40219.1
Project("{FAE04EC0-301F-11D3-BF4B-00C04F79EFBC}") = "PartialClassDemo", "PartialClassDemo\PartialClassDemo.csproj", "{5334C3C8-567A-4931-8DD7-46B41EA5255D}"
EndProject
Global
	GlobalSection(SolutionConfigurationPlatforms) = preSolution
		Debug|Any CPU = Debug|Any CPU
		Release|Any CPU = Release|Any CPU
	EndGlobalSection
	GlobalSection(ProjectConfigurationPlatforms) = postSolution
		{5334C3C8-567A-4931-8DD7-46B41EA5255D}.Debug|Any CPU.ActiveCfg = Debug|Any CPU
		{5334C3C8-567A-4931-8DD7-46B41EA5255D}.Debug|Any CPU.Build.0 = Debug|Any CPU
		{5334C3C8-567A-4931-8DD7-46B41EA5255D}.Release|Any CPU.ActiveCfg = Release|Any CPU
		{5334C3C8-567A-4931-8DD7-46B41EA5255D}.Release|Any CPU.Build.0 = Release|Any CPU
	EndGlobalSection
	GlobalSection(SolutionProperties) = preSolution
		HideSolutionNode = FALSE
	EndGlobalSection
EndGlobal
